using System;

namespace Q1
{
    public class Q1
    {
        static void Main()
        {
            // Keep the following line intact 
            Console.WriteLine("===========================");

            // Insert your solution here.
            Console.WriteLine($"Enter the number of chickens:");

            userinput = Console.ReadLine();

            Console.WriteLine($"You have {userinput} chickens, don't be lazy and go check their eggs yourself.")


            // Keep the following lines intact
            Console.WriteLine("===========================");
        }
    }
}
